<?xml version="1.0" encoding="utf-8"?>
<Project ToolsVersion="4.0" xmlns="http://schemas.microsoft.com/developer/msbuild/2003">
  <ItemGroup>
    <Filter Include="Source Files">
      <UniqueIdentifier>{4FC737F1-C7A5-4376-A066-2A32D752A2FF}</UniqueIdentifier>
      <Extensions>cpp;c;cc;cxx;c++;cppm;ixx;def;odl;idl;hpj;bat;asm;asmx</Extensions>
    </Filter>
    <Filter Include="Resource Files">
      <UniqueIdentifier>{67DA6AB6-F800-4c08-8B7A-83BB121AAD01}</UniqueIdentifier>
      <Extensions>rc;ico;cur;bmp;dlg;rc2;rct;bin;rgs;gif;jpg;jpeg;jpe;resx;tiff;tif;png;wav;mfcribbon-ms</Extensions>
    </Filter>
    <Filter Include="Shader Files">
      <UniqueIdentifier>{0f46bfff-8d2f-41c5-9f66-439afc984115}</UniqueIdentifier>
    </Filter>
    <Filter Include="Source Files\Audio">
      <UniqueIdentifier>{06a1c026-052b-4acc-b640-a331c3b23741}</UniqueIdentifier>
    </Filter>
    <Filter Include="Source Files\Game">
      <UniqueIdentifier>{17e4c32a-4554-455c-902c-65e24a9345bb}</UniqueIdentifier>
    </Filter>
    <Filter Include="Source Files\GameObject">
      <UniqueIdentifier>{bf61c401-3dfe-495a-a644-94ffc16c11ba}</UniqueIdentifier>
    </Filter>
    <Filter Include="Source Files\Graphics">
      <UniqueIdentifier>{161d9cfc-63bf-4d70-a037-5af1cded795e}</UniqueIdentifier>
    </Filter>
    <Filter Include="Source Files\Graphics\Mesh">
      <UniqueIdentifier>{5c599e22-9b04-4d57-bb5e-94cb554e6e93}</UniqueIdentifier>
    </Filter>
    <Filter Include="Source Files\Graphics\Particles">
      <UniqueIdentifier>{bfb8aea0-8dc9-4a60-b664-b9ca0db66c7d}</UniqueIdentifier>
    </Filter>
    <Filter Include="Source Files\Graphics\Shaders">
      <UniqueIdentifier>{efb78bcd-97d7-4ff9-a0ae-b8ae8a79ca8c}</UniqueIdentifier>
    </Filter>
    <Filter Include="Source Files\Gui">
      <UniqueIdentifier>{a62762ce-0500-42f0-a16c-c74bb83fdb5a}</UniqueIdentifier>
    </Filter>
    <Filter Include="Source Files\Networking">
      <UniqueIdentifier>{46652982-d7f8-4fd3-a669-7394540337f4}</UniqueIdentifier>
    </Filter>
  </ItemGroup>
  <ItemGroup>
    <ClCompile Include="src\DDSTextureLoader11.cpp">
      <Filter>Source Files</Filter>
    </ClCompile>
    <ClCompile Include="src\Main.cpp">
      <Filter>Source Files</Filter>
    </ClCompile>
    <ClCompile Include="src\GuiButton.cpp">
      <Filter>Source Files\Gui</Filter>
    </ClCompile>
    <ClCompile Include="src\GuiSimplePane.cpp">
      <Filter>Source Files\Gui</Filter>
    </ClCompile>
    <ClCompile Include="src\GuiTextfield.cpp">
      <Filter>Source Files\Gui</Filter>
    </ClCompile>
    <ClCompile Include="src\Camera.cpp">
      <Filter>Source Files\Graphics</Filter>
    </ClCompile>
    <ClCompile Include="src\Direct3d.cpp">
      <Filter>Source Files\Graphics</Filter>
    </ClCompile>
    <ClCompile Include="src\Map.cpp">
      <Filter>Source Files\Graphics</Filter>
    </ClCompile>
    <ClCompile Include="src\VBox.cpp">
      <Filter>Source Files\Gui</Filter>
    </ClCompile>
    <ClCompile Include="src\Vertex.cpp">
      <Filter>Source Files\Graphics</Filter>
    </ClCompile>
    <ClCompile Include="src\Window.cpp">
      <Filter>Source Files\Gui</Filter>
    </ClCompile>
    <ClCompile Include="src\Settings.cpp">
      <Filter>Source Files\Game</Filter>
    </ClCompile>
    <ClCompile Include="src\shader.cpp">
      <Filter>Source Files\Graphics</Filter>
    </ClCompile>
    <ClCompile Include="src\Renderer.cpp">
      <Filter>Source Files\Graphics</Filter>
    </ClCompile>
    <ClCompile Include="src\Client.cpp">
      <Filter>Source Files\Game</Filter>
    </ClCompile>
    <ClCompile Include="src\ClientNetworkManager.cpp">
      <Filter>Source Files\Networking</Filter>
    </ClCompile>
    <ClCompile Include="src\AudioSystem.cpp">
      <Filter>Source Files\Audio</Filter>
    </ClCompile>
    <ClCompile Include="src\GuiSelector.cpp">
      <Filter>Source Files\Gui</Filter>
    </ClCompile>
    <ClCompile Include="src\GameObject.cpp">
      <Filter>Source Files\GameObject</Filter>
    </ClCompile>
    <ClCompile Include="src\Armature.cpp">
      <Filter>Source Files\Graphics</Filter>
    </ClCompile>
    <ClCompile Include="src\Animation.cpp">
      <Filter>Source Files\Graphics</Filter>
    </ClCompile>
    <ClCompile Include="src\SkinnedTexturedMesh.cpp">
      <Filter>Source Files\Graphics\Mesh</Filter>
    </ClCompile>
    <ClCompile Include="src\ParticleSystem.cpp">
      <Filter>Source Files\Graphics\Particles</Filter>
    </ClCompile>
    <ClCompile Include="src\ParticleShader.cpp">
      <Filter>Source Files\Graphics\Shaders</Filter>
    </ClCompile>
    <ClCompile Include="src\ParticleEmitter.cpp">
      <Filter>Source Files\Graphics\Particles</Filter>
    </ClCompile>
    <ClCompile Include="src\Mesh.cpp">
      <Filter>Source Files\Graphics\Mesh</Filter>
    </ClCompile>
  </ItemGroup>
  <ItemGroup>
    <ClInclude Include="src\AudioSystem.h">
      <Filter>Source Files\Audio</Filter>
    </ClInclude>
    <ClInclude Include="src\Client.h">
      <Filter>Source Files\Game</Filter>
    </ClInclude>
    <ClInclude Include="src\Settings.h">
      <Filter>Source Files\Game</Filter>
    </ClInclude>
    <ClInclude Include="src\Systems.h">
      <Filter>Source Files\Game</Filter>
    </ClInclude>
    <ClInclude Include="src\GameObject.h">
      <Filter>Source Files\GameObject</Filter>
    </ClInclude>
    <ClInclude Include="src\Renderable.h">
      <Filter>Source Files\GameObject</Filter>
    </ClInclude>
    <ClInclude Include="src\Particle.h">
      <Filter>Source Files\Graphics\Particles</Filter>
    </ClInclude>
    <ClInclude Include="src\ParticleEmitter.h">
      <Filter>Source Files\Graphics\Particles</Filter>
    </ClInclude>
    <ClInclude Include="src\ParticleSystem.h">
      <Filter>Source Files\Graphics\Particles</Filter>
    </ClInclude>
    <ClInclude Include="src\ParticleShader.h">
      <Filter>Source Files\Graphics\Shaders</Filter>
    </ClInclude>
    <ClInclude Include="src\Animation.h">
      <Filter>Source Files\Graphics</Filter>
    </ClInclude>
    <ClInclude Include="src\Armature.h">
      <Filter>Source Files\Graphics</Filter>
    </ClInclude>
    <ClInclude Include="src\Camera.h">
      <Filter>Source Files\Graphics</Filter>
    </ClInclude>
    <ClInclude Include="src\Direct3d.h">
      <Filter>Source Files\Graphics</Filter>
    </ClInclude>
    <ClInclude Include="src\Map.h">
      <Filter>Source Files\Graphics</Filter>
    </ClInclude>
    <ClInclude Include="src\Renderer.h">
      <Filter>Source Files\Graphics</Filter>
    </ClInclude>
    <ClInclude Include="src\Shader.h">
      <Filter>Source Files\Graphics</Filter>
    </ClInclude>
    <ClInclude Include="src\Vertex.h">
      <Filter>Source Files\Graphics</Filter>
    </ClInclude>
    <ClInclude Include="src\Gui.h">
      <Filter>Source Files\Gui</Filter>
    </ClInclude>
    <ClInclude Include="src\GuiSelector.h">
      <Filter>Source Files\Gui</Filter>
    </ClInclude>
    <ClInclude Include="src\Window.h">
      <Filter>Source Files\Gui</Filter>
    </ClInclude>
    <ClInclude Include="src\ClientNetworkManager.h">
      <Filter>Source Files\Networking</Filter>
    </ClInclude>
    <ClInclude Include="resources\Resource.h">
      <Filter>Source Files</Filter>
    </ClInclude>
    <ClInclude Include="src\DDSTextureLoader11.h">
      <Filter>Source Files</Filter>
    </ClInclude>
    <ClInclude Include="src\Mesh.h">
      <Filter>Source Files\Graphics\Mesh</Filter>
    </ClInclude>
  </ItemGroup>
  <ItemGroup>
    <FxCompile Include="src\pixel_ps.hlsl">
      <Filter>Shader Files</Filter>
    </FxCompile>
    <FxCompile Include="src\texture_ps.hlsl">
      <Filter>Shader Files</Filter>
    </FxCompile>
    <FxCompile Include="src\texture_vs.hlsl">
      <Filter>Shader Files</Filter>
    </FxCompile>
    <FxCompile Include="src\vertex_vs.hlsl">
      <Filter>Shader Files</Filter>
    </FxCompile>
    <FxCompile Include="src\skinned_textured_vs.hlsl">
      <Filter>Shader Files</Filter>
    </FxCompile>
    <FxCompile Include="src\particle_vs.hlsl">
      <Filter>Shader Files</Filter>
    </FxCompile>
  </ItemGroup>
  <ItemGroup>
    <None Include="resources\Cursor.cur">
      <Filter>Resource Files</Filter>
    </None>
    <None Include="resources\Client.aps">
      <Filter>Resource Files</Filter>
    </None>
  </ItemGroup>
  <ItemGroup>
    <ResourceCompile Include="resources\Client.rc">
      <Filter>Resource Files</Filter>
    </ResourceCompile>
  </ItemGroup>
  <ItemGroup>
    <Image Include="resources\icon1.ico">
      <Filter>Resource Files</Filter>
    </Image>
  </ItemGroup>
</Project>