<?xml version="1.0" encoding="utf-8"?>
<Project ToolsVersion="4.0" xmlns="http://schemas.microsoft.com/developer/msbuild/2003">
  <ItemGroup>
    <Filter Include="Source Files">
      <UniqueIdentifier>{4FC737F1-C7A5-4376-A066-2A32D752A2FF}</UniqueIdentifier>
      <Extensions>cpp;c;cc;cxx;c++;cppm;ixx;def;odl;idl;hpj;bat;asm;asmx</Extensions>
    </Filter>
    <Filter Include="Header Files">
      <UniqueIdentifier>{93995380-89BD-4b04-88EB-625FBE52EBFB}</UniqueIdentifier>
      <Extensions>h;hh;hpp;hxx;h++;hm;inl;inc;ipp;xsd</Extensions>
    </Filter>
    <Filter Include="Resource Files">
      <UniqueIdentifier>{67DA6AB6-F800-4c08-8B7A-83BB121AAD01}</UniqueIdentifier>
      <Extensions>rc;ico;cur;bmp;dlg;rc2;rct;bin;rgs;gif;jpg;jpeg;jpe;resx;tiff;tif;png;wav;mfcribbon-ms</Extensions>
    </Filter>
    <Filter Include="Source Files\game_object">
      <UniqueIdentifier>{076b078f-1e1f-4a08-b7fb-d23f0a9c702a}</UniqueIdentifier>
    </Filter>
    <Filter Include="Header Files\game_object">
      <UniqueIdentifier>{7ffaaec1-5547-409c-a32d-9f9c2b598055}</UniqueIdentifier>
    </Filter>
    <Filter Include="Source Files\characters">
      <UniqueIdentifier>{7310b7d5-3587-4667-a527-7c33cb49c98a}</UniqueIdentifier>
    </Filter>
    <Filter Include="Source Files\characters\football_person">
      <UniqueIdentifier>{0167f240-31a1-4c71-ad8d-6440b69fe1a5}</UniqueIdentifier>
    </Filter>
    <Filter Include="Header Files\characters">
      <UniqueIdentifier>{f8ba031e-2966-4815-933f-ca40ddb26c84}</UniqueIdentifier>
    </Filter>
    <Filter Include="Header Files\characters\football_person">
      <UniqueIdentifier>{4cbe89b5-8c58-4a4c-b62c-353f78baf3e9}</UniqueIdentifier>
    </Filter>
    <Filter Include="Header Files\game_object\spell">
      <UniqueIdentifier>{6daed33f-a6bd-4aac-a71f-00d2db0cc225}</UniqueIdentifier>
    </Filter>
    <Filter Include="Source Files\game_object\spell">
      <UniqueIdentifier>{007e28ea-4757-47f1-862b-cb07675ea020}</UniqueIdentifier>
    </Filter>
    <Filter Include="Header Files\game_object\minions">
      <UniqueIdentifier>{a04e1342-1437-4722-9c98-a87878cfb9c8}</UniqueIdentifier>
    </Filter>
    <Filter Include="Source Files\game_object\minions">
      <UniqueIdentifier>{095de8eb-053f-4f6f-a4b7-4024a8415d42}</UniqueIdentifier>
    </Filter>
  </ItemGroup>
  <ItemGroup>
    <ClCompile Include="src\game.cpp">
      <Filter>Source Files</Filter>
    </ClCompile>
    <ClCompile Include="src\main.cpp">
      <Filter>Source Files</Filter>
    </ClCompile>
    <ClCompile Include="src\network_manager.cpp">
      <Filter>Source Files</Filter>
    </ClCompile>
    <ClCompile Include="src\server.cpp">
      <Filter>Source Files</Filter>
    </ClCompile>
    <ClCompile Include="src\util.cpp">
      <Filter>Source Files</Filter>
    </ClCompile>
    <ClCompile Include="src\game_object.cpp">
      <Filter>Source Files\game_object</Filter>
    </ClCompile>
    <ClCompile Include="src\building.cpp">
      <Filter>Source Files\game_object</Filter>
    </ClCompile>
    <ClCompile Include="src\football_person.cpp">
      <Filter>Source Files\characters\football_person</Filter>
    </ClCompile>
    <ClCompile Include="src\buff.cpp">
      <Filter>Source Files\game_object</Filter>
    </ClCompile>
    <ClCompile Include="src\spell.cpp">
      <Filter>Source Files\game_object\spell</Filter>
    </ClCompile>
    <ClCompile Include="src\area_spell.cpp">
      <Filter>Source Files\game_object\spell</Filter>
    </ClCompile>
    <ClCompile Include="src\missile_spell.cpp">
      <Filter>Source Files\game_object\spell</Filter>
    </ClCompile>
    <ClCompile Include="src\missile.cpp">
      <Filter>Source Files</Filter>
    </ClCompile>
    <ClCompile Include="src\minion_spawner.cpp">
      <Filter>Source Files\game_object\minions</Filter>
    </ClCompile>
    <ClCompile Include="src\attackable.cpp">
      <Filter>Source Files\game_object</Filter>
    </ClCompile>
    <ClCompile Include="src\person.cpp">
      <Filter>Source Files\game_object</Filter>
    </ClCompile>
    <ClCompile Include="src\particle_spawner.cpp">
      <Filter>Source Files\game_object</Filter>
    </ClCompile>
  </ItemGroup>
  <ItemGroup>
    <ClInclude Include="src\components.h">
      <Filter>Header Files</Filter>
    </ClInclude>
    <ClInclude Include="src\game.h">
      <Filter>Header Files</Filter>
    </ClInclude>
    <ClInclude Include="src\main.h">
      <Filter>Header Files</Filter>
    </ClInclude>
    <ClInclude Include="src\network_manager.h">
      <Filter>Header Files</Filter>
    </ClInclude>
    <ClInclude Include="src\server.h">
      <Filter>Header Files</Filter>
    </ClInclude>
    <ClInclude Include="src\util.h">
      <Filter>Header Files</Filter>
    </ClInclude>
    <ClInclude Include="src\game_object.h">
      <Filter>Header Files\game_object</Filter>
    </ClInclude>
    <ClInclude Include="src\building.h">
      <Filter>Header Files\game_object</Filter>
    </ClInclude>
    <ClInclude Include="src\football_person.h">
      <Filter>Header Files\characters\football_person</Filter>
    </ClInclude>
    <ClInclude Include="src\buff.h">
      <Filter>Header Files\game_object</Filter>
    </ClInclude>
    <ClInclude Include="src\spell.h">
      <Filter>Header Files\game_object\spell</Filter>
    </ClInclude>
    <ClInclude Include="src\area_spell.h">
      <Filter>Header Files\game_object\spell</Filter>
    </ClInclude>
    <ClInclude Include="src\missile_spell.h">
      <Filter>Header Files\game_object\spell</Filter>
    </ClInclude>
    <ClInclude Include="src\missile.h">
      <Filter>Header Files</Filter>
    </ClInclude>
    <ClInclude Include="src\minion.h">
      <Filter>Header Files\game_object\minions</Filter>
    </ClInclude>
    <ClInclude Include="src\minion_spawner.h">
      <Filter>Header Files\game_object\minions</Filter>
    </ClInclude>
    <ClInclude Include="src\igame_object.h">
      <Filter>Header Files\game_object</Filter>
    </ClInclude>
    <ClInclude Include="src\attackable.h">
      <Filter>Header Files\game_object</Filter>
    </ClInclude>
    <ClInclude Include="src\person.h">
      <Filter>Header Files\game_object</Filter>
    </ClInclude>
    <ClInclude Include="src\particle_spawner.h">
      <Filter>Header Files\game_object</Filter>
    </ClInclude>
  </ItemGroup>
</Project>